
Microsoft Visual Studio Solution File, Format Version 12.00
# Visual Studio Version 17
VisualStudioVersion = 17.14.36623.8 d17.14
MinimumVisualStudioVersion = 10.0.40219.1
Project("{FAE04EC0-301F-11D3-BF4B-00C04F79EFBC}") = "SE2HDR", "SE2HDR\SE2HDR.csproj", "{67CCAE9C-8666-4D47-80F7-B0D22DD62914}"
EndProject
Global
	GlobalSection(SolutionConfigurationPlatforms) = preSolution
		Debug|Any CPU = Debug|Any CPU
		Release|Any CPU = Release|Any CPU
	EndGlobalSection
	GlobalSection(ProjectConfigurationPlatforms) = postSolution
		{67CCAE9C-8666-4D47-80F7-B0D22DD62914}.Debug|Any CPU.ActiveCfg = Debug|Any CPU
		{67CCAE9C-8666-4D47-80F7-B0D22DD62914}.Debug|Any CPU.Build.0 = Debug|Any CPU
		{67CCAE9C-8666-4D47-80F7-B0D22DD62914}.Release|Any CPU.ActiveCfg = Release|Any CPU
		{67CCAE9C-8666-4D47-80F7-B0D22DD62914}.Release|Any CPU.Build.0 = Release|Any CPU
	EndGlobalSection
	GlobalSection(SolutionProperties) = preSolution
		HideSolutionNode = FALSE
	EndGlobalSection
	GlobalSection(ExtensibilityGlobals) = postSolution
		SolutionGuid = {4518E0A1-2040-4E6A-B15C-9546AFB55DF5}
	EndGlobalSection
	GlobalSection(RiderSharedRunConfigurations) = postSolution
		File = SE2HDR\.run\Modern.run.xml
	EndGlobalSection
EndGlobal
